
Microsoft Visual Studio Solution File, Format Version 11.00
# Visual Studio 2010
Project("{FAE04EC0-301F-11D3-BF4B-00C04F79EFBC}") = "DojoInterfaceApplication", "DojoInterfaceApplication\DojoInterfaceApplication.csproj", "{173C524F-EC88-4E9F-8438-37DBD631244D}"
EndProject
Project("{FAE04EC0-301F-11D3-BF4B-00C04F79EFBC}") = "DojoInterfaceApplication.Tests", "DojoInterfaceApplication.Tests\DojoInterfaceApplication.Tests.csproj", "{B6AF092B-69CF-4389-B748-7825891336CB}"
EndProject
Global
	GlobalSection(SolutionConfigurationPlatforms) = preSolution
		Debug|Any CPU = Debug|Any CPU
		Release|Any CPU = Release|Any CPU
	EndGlobalSection
	GlobalSection(ProjectConfigurationPlatforms) = postSolution
		{173C524F-EC88-4E9F-8438-37DBD631244D}.Debug|Any CPU.ActiveCfg = Debug|Any CPU
		{173C524F-EC88-4E9F-8438-37DBD631244D}.Debug|Any CPU.Build.0 = Debug|Any CPU
		{173C524F-EC88-4E9F-8438-37DBD631244D}.Release|Any CPU.ActiveCfg = Release|Any CPU
		{173C524F-EC88-4E9F-8438-37DBD631244D}.Release|Any CPU.Build.0 = Release|Any CPU
		{B6AF092B-69CF-4389-B748-7825891336CB}.Debug|Any CPU.ActiveCfg = Debug|Any CPU
		{B6AF092B-69CF-4389-B748-7825891336CB}.Debug|Any CPU.Build.0 = Debug|Any CPU
		{B6AF092B-69CF-4389-B748-7825891336CB}.Release|Any CPU.ActiveCfg = Release|Any CPU
		{B6AF092B-69CF-4389-B748-7825891336CB}.Release|Any CPU.Build.0 = Release|Any CPU
	EndGlobalSection
	GlobalSection(SolutionProperties) = preSolution
		HideSolutionNode = FALSE
	EndGlobalSection
EndGlobal
